{
  "nodes": {
    "nixpkgs": {
      "locked": {
        "lastModified": 1749143949,
        "narHash": "sha256-QuUtALJpVrPnPeozlUG/y+oIMSLdptHxb3GK6cpSVhA=",
        "rev": "d3d2d80a2191a73d1e86456a751b83aa13085d7d",
        "revCount": 811203,
        "type": "tarball",
        "url": "https://api.flakehub.com/f/pinned/NixOS/nixpkgs/0.1.811203%2Brev-d3d2d80a2191a73d1e86456a751b83aa13085d7d/019746bd-2efa-78b6-854d-90063ed2e9a2/source.tar.gz?rev=d3d2d80a2191a73d1e86456a751b83aa13085d7d&revCount=811203"
      },
      "original": {
        "type": "tarball",
        "url": "https://flakehub.com/f/NixOS/nixpkgs/0.1"
      }
    },
    "root": {
      "inputs": {
        "nixpkgs": "nixpkgs",
        "rust-overlay": "rust-overlay"
      }
    },
    "rust-overlay": {
      "inputs": {
        "nixpkgs": [
          "nixpkgs"
        ]
      },
      "locked": {
        "lastModified": 1749350575,
        "narHash": "sha256-ltLegOYrp69v/7BXlNfSwUPrt2DvF7N668pV4a6rWRA=",
        "owner": "oxalica",
        "repo": "rust-overlay",
        "rev": "24d5806474b0779d373f381f00d75ad51fd45099",
        "type": "github"
      },
      "original": {
        "owner": "oxalica",
        "repo": "rust-overlay",
        "type": "github"
      }
    }
  },
  "root": "root",
  "version": 7
}
