{
  "nodes": {
    "nixpkgs": {
      "locked": {
        "lastModified": 1756125398,
        "narHash": "sha256-XexyKZpf46cMiO5Vbj+dWSAXOnr285GHsMch8FBoHbc=",
        "rev": "3b9f00d7a7bf68acd4c4abb9d43695afb04e03a5",
        "revCount": 851350,
        "type": "tarball",
        "url": "https://api.flakehub.com/f/pinned/NixOS/nixpkgs/0.1.851350%2Brev-3b9f00d7a7bf68acd4c4abb9d43695afb04e03a5/0198e4ae-49a1-775e-8b7c-803015cc6285/source.tar.gz?rev=3b9f00d7a7bf68acd4c4abb9d43695afb04e03a5&revCount=851350"
      },
      "original": {
        "type": "tarball",
        "url": "https://flakehub.com/f/NixOS/nixpkgs/0.1"
      }
    },
    "root": {
      "inputs": {
        "nixpkgs": "nixpkgs",
        "rust-overlay": "rust-overlay"
      }
    },
    "rust-overlay": {
      "inputs": {
        "nixpkgs": [
          "nixpkgs"
        ]
      },
      "locked": {
        "lastModified": 1756003222,
        "narHash": "sha256-lmEMhIIbjt8Wp1EYbNqCojuU9ygyDFv8Tu0X1k8qIMc=",
        "owner": "oxalica",
        "repo": "rust-overlay",
        "rev": "88ceedecde53e809b4bf8b5fd10d181889d9bac7",
        "type": "github"
      },
      "original": {
        "owner": "oxalica",
        "repo": "rust-overlay",
        "type": "github"
      }
    }
  },
  "root": "root",
  "version": 7
}
